<?xml version="1.0" encoding="utf-8"?>
<Project ToolsVersion="4.0" xmlns="http://schemas.microsoft.com/developer/msbuild/2003">
  <ItemGroup>
    <Filter Include="Scene">
      <UniqueIdentifier>{a27cb25c-db17-4303-b30f-c485808a199e}</UniqueIdentifier>
    </Filter>
    <Filter Include="inc">
      <UniqueIdentifier>{93995380-89BD-4b04-88EB-625FBE52EBFB}</UniqueIdentifier>
      <Extensions>h;hpp;hxx;hm;inl;inc;xsd</Extensions>
    </Filter>
    <Filter Include="src">
      <UniqueIdentifier>{4FC737F1-C7A5-4376-A066-2A32D752A2FF}</UniqueIdentifier>
      <Extensions>cpp;c;cc;cxx;def;odl;idl;hpj;bat;asm;asmx</Extensions>
    </Filter>
    <Filter Include="Scene\ClientScene">
      <UniqueIdentifier>{23734e5d-72e8-4690-b0ab-66a8912718d9}</UniqueIdentifier>
    </Filter>
    <Filter Include="Scene\ClientScene\inc">
      <UniqueIdentifier>{bf7fb39b-b196-419a-a3b1-f845e1d9fc19}</UniqueIdentifier>
    </Filter>
    <Filter Include="Scene\ClientScene\src">
      <UniqueIdentifier>{a98aaad7-55e1-4069-97b5-22fd332bfe20}</UniqueIdentifier>
    </Filter>
    <Filter Include="Scene\AvsScene">
      <UniqueIdentifier>{e67e7174-f7c7-4524-bd84-01ea4c96e04f}</UniqueIdentifier>
    </Filter>
    <Filter Include="Scene\AvsScene\inc">
      <UniqueIdentifier>{44a6d1d5-0fb4-43ef-81cc-2c189d6973f6}</UniqueIdentifier>
    </Filter>
    <Filter Include="Scene\AvsScene\src">
      <UniqueIdentifier>{bc7ec462-d9ed-4574-a06a-d57c77e9af79}</UniqueIdentifier>
    </Filter>
    <Filter Include="pugixml">
      <UniqueIdentifier>{c43d0a16-ab64-4aa4-aa85-7ee40afc4f8b}</UniqueIdentifier>
    </Filter>
  </ItemGroup>
  <ItemGroup>
    <ClCompile Include="RoomMgr.cpp">
      <Filter>src</Filter>
    </ClCompile>
    <ClCompile Include="Room.cpp">
      <Filter>src</Filter>
    </ClCompile>
    <ClCompile Include="Com.cpp">
      <Filter>src</Filter>
    </ClCompile>
    <ClCompile Include="Termination.cpp">
      <Filter>src</Filter>
    </ClCompile>
    <ClCompile Include="LinkRoomUserScene.cpp">
      <Filter>Scene\ClientScene\src</Filter>
    </ClCompile>
    <ClCompile Include="LoginScene.cpp">
      <Filter>Scene\ClientScene\src</Filter>
    </ClCompile>
    <ClCompile Include="LogoutScene.cpp">
      <Filter>Scene\ClientScene\src</Filter>
    </ClCompile>
    <ClCompile Include="UnlinkRoomUserScene.cpp">
      <Filter>Scene\ClientScene\src</Filter>
    </ClCompile>
    <ClCompile Include="UsersInfoScene.cpp">
      <Filter>Scene\AvsScene\src</Filter>
    </ClCompile>
    <ClCompile Include="ModUserMediaScene.cpp">
      <Filter>Scene\AvsScene\src</Filter>
    </ClCompile>
    <ClCompile Include="AddUserScene.cpp">
      <Filter>Scene\AvsScene\src</Filter>
    </ClCompile>
    <ClCompile Include="DelUserScene.cpp">
      <Filter>Scene\AvsScene\src</Filter>
    </ClCompile>
    <ClCompile Include="RoomUser.cpp">
      <Filter>src</Filter>
    </ClCompile>
    <ClCompile Include="RTPScene.cpp">
      <Filter>Scene\AvsScene\src</Filter>
    </ClCompile>
    <ClCompile Include="KeepAliveScene.cpp">
      <Filter>Scene\ClientScene\src</Filter>
    </ClCompile>
    <ClCompile Include="ResKeepAliveScene.cpp">
      <Filter>Scene\AvsScene\src</Filter>
    </ClCompile>
    <ClCompile Include="ResLoginScene.cpp">
      <Filter>Scene\AvsScene\src</Filter>
    </ClCompile>
    <ClCompile Include="pugixml.cpp">
      <Filter>pugixml</Filter>
    </ClCompile>
    <ClCompile Include="AvsProxy.cpp">
      <Filter>src</Filter>
    </ClCompile>
    <ClCompile Include="DisconnectScene.cpp">
      <Filter>Scene\ClientScene\src</Filter>
    </ClCompile>
    <ClCompile Include="Config.cpp">
      <Filter>src</Filter>
    </ClCompile>
  </ItemGroup>
  <ItemGroup>
    <ClInclude Include="RoomMgr.h">
      <Filter>inc</Filter>
    </ClInclude>
    <ClInclude Include="Com.h">
      <Filter>inc</Filter>
    </ClInclude>
    <ClInclude Include="Room.h">
      <Filter>inc</Filter>
    </ClInclude>
    <ClInclude Include="command.h">
      <Filter>inc</Filter>
    </ClInclude>
    <ClInclude Include="MessageQueue.hpp">
      <Filter>inc</Filter>
    </ClInclude>
    <ClInclude Include="PoolThread.hpp">
      <Filter>inc</Filter>
    </ClInclude>
    <ClInclude Include="Termination.h">
      <Filter>inc</Filter>
    </ClInclude>
    <ClInclude Include="UnlinkRoomUserScene.h">
      <Filter>Scene\ClientScene\inc</Filter>
    </ClInclude>
    <ClInclude Include="LinkRoomUserScene.h">
      <Filter>Scene\ClientScene\inc</Filter>
    </ClInclude>
    <ClInclude Include="LogoutScene.h">
      <Filter>Scene\ClientScene\inc</Filter>
    </ClInclude>
    <ClInclude Include="LoginScene.h">
      <Filter>Scene\ClientScene\inc</Filter>
    </ClInclude>
    <ClInclude Include="AvsProxyStructs.h">
      <Filter>inc</Filter>
    </ClInclude>
    <ClInclude Include="UsersInfoScene.h">
      <Filter>Scene\AvsScene\inc</Filter>
    </ClInclude>
    <ClInclude Include="Scene.h">
      <Filter>Scene</Filter>
    </ClInclude>
    <ClInclude Include="Parameter.h">
      <Filter>Scene</Filter>
    </ClInclude>
    <ClInclude Include="ModUserMediaScene.h">
      <Filter>Scene\AvsScene\inc</Filter>
    </ClInclude>
    <ClInclude Include="AddUserScene.h">
      <Filter>Scene\AvsScene\inc</Filter>
    </ClInclude>
    <ClInclude Include="DelUserScene.h">
      <Filter>Scene\AvsScene\inc</Filter>
    </ClInclude>
    <ClInclude Include="RoomUser.h">
      <Filter>inc</Filter>
    </ClInclude>
    <ClInclude Include="RTPScene.h">
      <Filter>Scene\AvsScene\inc</Filter>
    </ClInclude>
    <ClInclude Include="ClientStructs.h">
      <Filter>inc</Filter>
    </ClInclude>
    <ClInclude Include="KeepAliveScene.h">
      <Filter>Scene\ClientScene\inc</Filter>
    </ClInclude>
    <ClInclude Include="ResKeepAliveScene.h">
      <Filter>Scene\AvsScene\inc</Filter>
    </ClInclude>
    <ClInclude Include="ResLoginScene.h">
      <Filter>Scene\AvsScene\inc</Filter>
    </ClInclude>
    <ClInclude Include="pugiconfig.hpp">
      <Filter>pugixml</Filter>
    </ClInclude>
    <ClInclude Include="pugixml.hpp">
      <Filter>pugixml</Filter>
    </ClInclude>
    <ClInclude Include="DisconnectScene.h">
      <Filter>Scene\ClientScene\inc</Filter>
    </ClInclude>
    <ClInclude Include="Config.h">
      <Filter>inc</Filter>
    </ClInclude>
  </ItemGroup>
</Project>